// !$*UTF8*$!
{
	archiveVersion = 1;
	classes = {
	};
	objectVersion = 55;
	objects = {

/* Begin PBXBuildFile section */
		BAC1BD7B2816D8D100C1A113 /* AppDelegate.swift in Sources */ = {isa = PBXBuildFile; fileRef = BAC1BD7A2816D8D100C1A113 /* AppDelegate.swift */; };
		BAC1BD7D2816D8D100C1A113 /* SceneDelegate.swift in Sources */ = {isa = PBXBuildFile; fileRef = BAC1BD7C2816D8D100C1A113 /* SceneDelegate.swift */; };
		BAC1BD7F2816D8D100C1A113 /* ViewController.swift in Sources */ = {isa = PBXBuildFile; fileRef = BAC1BD7E2816D8D100C1A113 /* ViewController.swift */; };
		BAC1BD822816D8D100C1A113 /* Main.storyboard in Resources */ = {isa = PBXBuildFile; fileRef = BAC1BD802816D8D100C1A113 /* Main.storyboard */; };
		BAC1BD842816D8D300C1A113 /* Assets.xcassets in Resources */ = {isa = PBXBuildFile; fileRef = BAC1BD832816D8D300C1A113 /* Assets.xcassets */; };
		BAC1BD872816D8D300C1A113 /* LaunchScreen.storyboard in Resources */ = {isa = PBXBuildFile; fileRef = BAC1BD852816D8D300C1A113 /* LaunchScreen.storyboard */; };
		BAC1BD922816D8D300C1A113 /* UdderTests.swift in Sources */ = {isa = PBXBuildFile; fileRef = BAC1BD912816D8D300C1A113 /* UdderTests.swift */; };
		BAC1BD9C2816D8D400C1A113 /* UdderUITests.swift in Sources */ = {isa = PBXBuildFile; fileRef = BAC1BD9B2816D8D400C1A113 /* UdderUITests.swift */; };
		BAC1BD9E2816D8D400C1A113 /* UdderUITestsLaunchTests.swift in Sources */ = {isa = PBXBuildFile; fileRef = BAC1BD9D2816D8D400C1A113 /* UdderUITestsLaunchTests.swift */; };
/* End PBXBuildFile section */

/* Begin PBXContainerItemProxy section */
		BAC1BD8E2816D8D300C1A113 /* PBXContainerItemProxy */ = {
			isa = PBXContainerItemProxy;
			containerPortal = BAC1BD6F2816D8D100C1A113 /* Project object */;
			proxyType = 1;
			remoteGlobalIDString = BAC1BD762816D8D100C1A113;
			remoteInfo = Udder;
		};
		BAC1BD982816D8D400C1A113 /* PBXContainerItemProxy */ = {
			isa = PBXContainerItemProxy;
			containerPortal = BAC1BD6F2816D8D100C1A113 /* Project object */;
			proxyType = 1;
			remoteGlobalIDString = BAC1BD762816D8D100C1A113;
			remoteInfo = Udder;
		};
/* End PBXContainerItemProxy section */

/* Begin PBXFileReference section */
		BAC1BD772816D8D100C1A113 /* Udder.app */ = {isa = PBXFileReference; explicitFileType = wrapper.application; includeInIndex = 0; path = Udder.app; sourceTree = BUILT_PRODUCTS_DIR; };
		BAC1BD7A2816D8D100C1A113 /* AppDelegate.swift */ = {isa = PBXFileReference; lastKnownFileType = sourcecode.swift; path = AppDelegate.swift; sourceTree = "<group>"; };
		BAC1BD7C2816D8D100C1A113 /* SceneDelegate.swift */ = {isa = PBXFileReference; lastKnownFileType = sourcecode.swift; path = SceneDelegate.swift; sourceTree = "<group>"; };
		BAC1BD7E2816D8D100C1A113 /* ViewController.swift */ = {isa = PBXFileReference; lastKnownFileType = sourcecode.swift; path = ViewController.swift; sourceTree = "<group>"; };
		BAC1BD812816D8D100C1A113 /* Base */ = {isa = PBXFileReference; lastKnownFileType = file.storyboard; name = Base; path = Base.lproj/Main.storyboard; sourceTree = "<group>"; };
		BAC1BD832816D8D300C1A113 /* Assets.xcassets */ = {isa = PBXFileReference; lastKnownFileType = folder.assetcatalog; path = Assets.xcassets; sourceTree = "<group>"; };
		BAC1BD862816D8D300C1A113 /* Base */ = {isa = PBXFileReference; lastKnownFileType = file.storyboard; name = Base; path = Base.lproj/LaunchScreen.storyboard; sourceTree = "<group>"; };
		BAC1BD882816D8D300C1A113 /* Info.plist */ = {isa = PBXFileReference; lastKnownFileType = text.plist.xml; path = Info.plist; sourceTree = "<group>"; };
		BAC1BD8D2816D8D300C1A113 /* UdderTests.xctest */ = {isa = PBXFileReference; explicitFileType = wrapper.cfbundle; includeInIndex = 0; path = UdderTests.xctest; sourceTree = BUILT_PRODUCTS_DIR; };
		BAC1BD912816D8D300C1A113 /* UdderTests.swift */ = {isa = PBXFileReference; lastKnownFileType = sourcecode.swift; path = UdderTests.swift; sourceTree = "<group>"; };
		BAC1BD972816D8D400C1A113 /* UdderUITests.xctest */ = {isa = PBXFileReference; explicitFileType = wrapper.cfbundle; includeInIndex = 0; path = UdderUITests.xctest; sourceTree = BUILT_PRODUCTS_DIR; };
		BAC1BD9B2816D8D400C1A113 /* UdderUITests.swift */ = {isa = PBXFileReference; lastKnownFileType = sourcecode.swift; path = UdderUITests.swift; sourceTree = "<group>"; };
		BAC1BD9D2816D8D400C1A113 /* UdderUITestsLaunchTests.swift */ = {isa = PBXFileReference; lastKnownFileType = sourcecode.swift; path = UdderUITestsLaunchTests.swift; sourceTree = "<group>"; };
/* End PBXFileReference section */

/* Begin PBXFrameworksBuildPhase section */
		BAC1BD742816D8D100C1A113 /* Frameworks */ = {
			isa = PBXFrameworksBuildPhase;
			buildActionMask = 2147483647;
			files = (
			);
			runOnlyForDeploymentPostprocessing = 0;
		};
		BAC1BD8A2816D8D300C1A113 /* Frameworks */ = {
			isa = PBXFrameworksBuildPhase;
			buildActionMask = 2147483647;
			files = (
			);
			runOnlyForDeploymentPostprocessing = 0;
		};
		BAC1BD942816D8D400C1A113 /* Frameworks */ = {
			isa = PBXFrameworksBuildPhase;
			buildActionMask = 2147483647;
			files = (
			);
			runOnlyForDeploymentPostprocessing = 0;
		};
/* End PBXFrameworksBuildPhase section */

/* Begin PBXGroup section */
		BAC1BD6E2816D8D100C1A113 = {
			isa = PBXGroup;
			children = (
				BAC1BD792816D8D100C1A113 /* Udder */,
				BAC1BD902816D8D300C1A113 /* UdderTests */,
				BAC1BD9A2816D8D400C1A113 /* UdderUITests */,
				BAC1BD782816D8D100C1A113 /* Products */,
			);
			sourceTree = "<group>";
		};
		BAC1BD782816D8D100C1A113 /* Products */ = {
			isa = PBXGroup;
			children = (
				BAC1BD772816D8D100C1A113 /* Udder.app */,
				BAC1BD8D2816D8D300C1A113 /* UdderTests.xctest */,
				BAC1BD972816D8D400C1A113 /* UdderUITests.xctest */,
			);
			name = Products;
			sourceTree = "<group>";
		};
		BAC1BD792816D8D100C1A113 /* Udder */ = {
			isa = PBXGroup;
			children = (
				BAC1BD7A2816D8D100C1A113 /* AppDelegate.swift */,
				BAC1BD7C2816D8D100C1A113 /* SceneDelegate.swift */,
				BAC1BD7E2816D8D100C1A113 /* ViewController.swift */,
				BAC1BD802816D8D100C1A113 /* Main.storyboard */,
				BAC1BD832816D8D300C1A113 /* Assets.xcassets */,
				BAC1BD852816D8D300C1A113 /* LaunchScreen.storyboard */,
				BAC1BD882816D8D300C1A113 /* Info.plist */,
			);
			path = Udder;
			sourceTree = "<group>";
		};
		BAC1BD902816D8D300C1A113 /* UdderTests */ = {
			isa = PBXGroup;
			children = (
				BAC1BD912816D8D300C1A113 /* UdderTests.swift */,
			);
			path = UdderTests;
			sourceTree = "<group>";
		};
		BAC1BD9A2816D8D400C1A113 /* UdderUITests */ = {
			isa = PBXGroup;
			children = (
				BAC1BD9B2816D8D400C1A113 /* UdderUITests.swift */,
				BAC1BD9D2816D8D400C1A113 /* UdderUITestsLaunchTests.swift */,
			);
			path = UdderUITests;
			sourceTree = "<group>";
		};
/* End PBXGroup section */

/* Begin PBXNativeTarget section */
		BAC1BD762816D8D100C1A113 /* Udder */ = {
			isa = PBXNativeTarget;
			buildConfigurationList = BAC1BDA12816D8D400C1A113 /* Build configuration list for PBXNativeTarget "Udder" */;
			buildPhases = (
				BAC1BD732816D8D100C1A113 /* Sources */,
				BAC1BD742816D8D100C1A113 /* Frameworks */,
				BAC1BD752816D8D100C1A113 /* Resources */,
			);
			buildRules = (
			);
			dependencies = (
			);
			name = Udder;
			productName = Udder;
			productReference = BAC1BD772816D8D100C1A113 /* Udder.app */;
			productType = "com.apple.product-type.application";
		};
		BAC1BD8C2816D8D300C1A113 /* UdderTests */ = {
			isa = PBXNativeTarget;
			buildConfigurationList = BAC1BDA42816D8D400C1A113 /* Build configuration list for PBXNativeTarget "UdderTests" */;
			buildPhases = (
				BAC1BD892816D8D300C1A113 /* Sources */,
				BAC1BD8A2816D8D300C1A113 /* Frameworks */,
				BAC1BD8B2816D8D300C1A113 /* Resources */,
			);
			buildRules = (
			);
			dependencies = (
				BAC1BD8F2816D8D300C1A113 /* PBXTargetDependency */,
			);
			name = UdderTests;
			productName = UdderTests;
			productReference = BAC1BD8D2816D8D300C1A113 /* UdderTests.xctest */;
			productType = "com.apple.product-type.bundle.unit-test";
		};
		BAC1BD962816D8D400C1A113 /* UdderUITests */ = {
			isa = PBXNativeTarget;
			buildConfigurationList = BAC1BDA72816D8D400C1A113 /* Build configuration list for PBXNativeTarget "UdderUITests" */;
			buildPhases = (
				BAC1BD932816D8D400C1A113 /* Sources */,
				BAC1BD942816D8D400C1A113 /* Frameworks */,
				BAC1BD952816D8D400C1A113 /* Resources */,
			);
			buildRules = (
			);
			dependencies = (
				BAC1BD992816D8D400C1A113 /* PBXTargetDependency */,
			);
			name = UdderUITests;
			productName = UdderUITests;
			productReference = BAC1BD972816D8D400C1A113 /* UdderUITests.xctest */;
			productType = "com.apple.product-type.bundle.ui-testing";
		};
/* End PBXNativeTarget section */

/* Begin PBXProject section */
		BAC1BD6F2816D8D100C1A113 /* Project object */ = {
			isa = PBXProject;
			attributes = {
				BuildIndependentTargetsInParallel = 1;
				LastSwiftUpdateCheck = 1330;
				LastUpgradeCheck = 1330;
				TargetAttributes = {
					BAC1BD762816D8D100C1A113 = {
						CreatedOnToolsVersion = 13.3.1;
					};
					BAC1BD8C2816D8D300C1A113 = {
						CreatedOnToolsVersion = 13.3.1;
						TestTargetID = BAC1BD762816D8D100C1A113;
					};
					BAC1BD962816D8D400C1A113 = {
						CreatedOnToolsVersion = 13.3.1;
						TestTargetID = BAC1BD762816D8D100C1A113;
					};
				};
			};
			buildConfigurationList = BAC1BD722816D8D100C1A113 /* Build configuration list for PBXProject "Udder" */;
			compatibilityVersion = "Xcode 13.0";
			developmentRegion = en;
			hasScannedForEncodings = 0;
			knownRegions = (
				en,
				Base,
			);
			mainGroup = BAC1BD6E2816D8D100C1A113;
			productRefGroup = BAC1BD782816D8D100C1A113 /* Products */;
			projectDirPath = "";
			projectRoot = "";
			targets = (
				BAC1BD762816D8D100C1A113 /* Udder */,
				BAC1BD8C2816D8D300C1A113 /* UdderTests */,
				BAC1BD962816D8D400C1A113 /* UdderUITests */,
			);
		};
/* End PBXProject section */

/* Begin PBXResourcesBuildPhase section */
		BAC1BD752816D8D100C1A113 /* Resources */ = {
			isa = PBXResourcesBuildPhase;
			buildActionMask = 2147483647;
			files = (
				BAC1BD872816D8D300C1A113 /* LaunchScreen.storyboard in Resources */,
				BAC1BD842816D8D300C1A113 /* Assets.xcassets in Resources */,
				BAC1BD822816D8D100C1A113 /* Main.storyboard in Resources */,
			);
			runOnlyForDeploymentPostprocessing = 0;
		};
		BAC1BD8B2816D8D300C1A113 /* Resources */ = {
			isa = PBXResourcesBuildPhase;
			buildActionMask = 2147483647;
			files = (
			);
			runOnlyForDeploymentPostprocessing = 0;
		};
		BAC1BD952816D8D400C1A113 /* Resources */ = {
			isa = PBXResourcesBuildPhase;
			buildActionMask = 2147483647;
			files = (
			);
			runOnlyForDeploymentPostprocessing = 0;
		};
/* End PBXResourcesBuildPhase section */

/* Begin PBXSourcesBuildPhase section */
		BAC1BD732816D8D100C1A113 /* Sources */ = {
			isa = PBXSourcesBuildPhase;
			buildActionMask = 2147483647;
			files = (
				BAC1BD7F2816D8D100C1A113 /* ViewController.swift in Sources */,
				BAC1BD7B2816D8D100C1A113 /* AppDelegate.swift in Sources */,
				BAC1BD7D2816D8D100C1A113 /* SceneDelegate.swift in Sources */,
			);
			runOnlyForDeploymentPostprocessing = 0;
		};
		BAC1BD892816D8D300C1A113 /* Sources */ = {
			isa = PBXSourcesBuildPhase;
			buildActionMask = 2147483647;
			files = (
				BAC1BD922816D8D300C1A113 /* UdderTests.swift in Sources */,
			);
			runOnlyForDeploymentPostprocessing = 0;
		};
		BAC1BD932816D8D400C1A113 /* Sources */ = {
			isa = PBXSourcesBuildPhase;
			buildActionMask = 2147483647;
			files = (
				BAC1BD9C2816D8D400C1A113 /* UdderUITests.swift in Sources */,
				BAC1BD9E2816D8D400C1A113 /* UdderUITestsLaunchTests.swift in Sources */,
			);
			runOnlyForDeploymentPostprocessing = 0;
		};
/* End PBXSourcesBuildPhase section */

/* Begin PBXTargetDependency section */
		BAC1BD8F2816D8D300C1A113 /* PBXTargetDependency */ = {
			isa = PBXTargetDependency;
			target = BAC1BD762816D8D100C1A113 /* Udder */;
			targetProxy = BAC1BD8E2816D8D300C1A113 /* PBXContainerItemProxy */;
		};
		BAC1BD992816D8D400C1A113 /* PBXTargetDependency */ = {
			isa = PBXTargetDependency;
			target = BAC1BD762816D8D100C1A113 /* Udder */;
			targetProxy = BAC1BD982816D8D400C1A113 /* PBXContainerItemProxy */;
		};
/* End PBXTargetDependency section */

/* Begin PBXVariantGroup section */
		BAC1BD802816D8D100C1A113 /* Main.storyboard */ = {
			isa = PBXVariantGroup;
			children = (
				BAC1BD812816D8D100C1A113 /* Base */,
			);
			name = Main.storyboard;
			sourceTree = "<group>";
		};
		BAC1BD852816D8D300C1A113 /* LaunchScreen.storyboard */ = {
			isa = PBXVariantGroup;
			children = (
				BAC1BD862816D8D300C1A113 /* Base */,
			);
			name = LaunchScreen.storyboard;
			sourceTree = "<group>";
		};
/* End PBXVariantGroup section */

/* Begin XCBuildConfiguration section */
		BAC1BD9F2816D8D400C1A113 /* Debug */ = {
			isa = XCBuildConfiguration;
			buildSettings = {
				ALWAYS_SEARCH_USER_PATHS = NO;
				CLANG_ANALYZER_NONNULL = YES;
				CLANG_ANALYZER_NUMBER_OBJECT_CONVERSION = YES_AGGRESSIVE;
				CLANG_CXX_LANGUAGE_STANDARD = "gnu++17";
				CLANG_ENABLE_MODULES = YES;
				CLANG_ENABLE_OBJC_ARC = YES;
				CLANG_ENABLE_OBJC_WEAK = YES;
				CLANG_WARN_BLOCK_CAPTURE_AUTORELEASING = YES;
				CLANG_WARN_BOOL_CONVERSION = YES;
				CLANG_WARN_COMMA = YES;
				CLANG_WARN_CONSTANT_CONVERSION = YES;
				CLANG_WARN_DEPRECATED_OBJC_IMPLEMENTATIONS = YES;
				CLANG_WARN_DIRECT_OBJC_ISA_USAGE = YES_ERROR;
				CLANG_WARN_DOCUMENTATION_COMMENTS = YES;
				CLANG_WARN_EMPTY_BODY = YES;
				CLANG_WARN_ENUM_CONVERSION = YES;
				CLANG_WARN_INFINITE_RECURSION = YES;
				CLANG_WARN_INT_CONVERSION = YES;
				CLANG_WARN_NON_LITERAL_NULL_CONVERSION = YES;
				CLANG_WARN_OBJC_IMPLICIT_RETAIN_SELF = YES;
				CLANG_WARN_OBJC_LITERAL_CONVERSION = YES;
				CLANG_WARN_OBJC_ROOT_CLASS = YES_ERROR;
				CLANG_WARN_QUOTED_INCLUDE_IN_FRAMEWORK_HEADER = YES;
				CLANG_WARN_RANGE_LOOP_ANALYSIS = YES;
				CLANG_WARN_STRICT_PROTOTYPES = YES;
				CLANG_WARN_SUSPICIOUS_MOVE = YES;
				CLANG_WARN_UNGUARDED_AVAILABILITY = YES_AGGRESSIVE;
				CLANG_WARN_UNREACHABLE_CODE = YES;
				CLANG_WARN__DUPLICATE_METHOD_MATCH = YES;
				COPY_PHASE_STRIP = NO;
				DEBUG_INFORMATION_FORMAT = dwarf;
				ENABLE_STRICT_OBJC_MSGSEND = YES;
				ENABLE_TESTABILITY = YES;
				GCC_C_LANGUAGE_STANDARD = gnu11;
				GCC_DYNAMIC_NO_PIC = NO;
				GCC_NO_COMMON_BLOCKS = YES;
				GCC_OPTIMIZATION_LEVEL = 0;
				GCC_PREPROCESSOR_DEFINITIONS = (
					"DEBUG=1",
					"$(inherited)",
				);
				GCC_WARN_64_TO_32_BIT_CONVERSION = YES;
				GCC_WARN_ABOUT_RETURN_TYPE = YES_ERROR;
				GCC_WARN_UNDECLARED_SELECTOR = YES;
				GCC_WARN_UNINITIALIZED_AUTOS = YES_AGGRESSIVE;
				GCC_WARN_UNUSED_FUNCTION = YES;
				GCC_WARN_UNUSED_VARIABLE = YES;
				IPHONEOS_DEPLOYMENT_TARGET = 15.4;
				MTL_ENABLE_DEBUG_INFO = INCLUDE_SOURCE;
				MTL_FAST_MATH = YES;
				ONLY_ACTIVE_ARCH = YES;
				SDKROOT = iphoneos;
				SWIFT_ACTIVE_COMPILATION_CONDITIONS = DEBUG;
				SWIFT_OPTIMIZATION_LEVEL = "-Onone";
			};
			name = Debug;
		};
		BAC1BDA02816D8D400C1A113 /* Release */ = {
			isa = XCBuildConfiguration;
			buildSettings = {
				ALWAYS_SEARCH_USER_PATHS = NO;
				CLANG_ANALYZER_NONNULL = YES;
				CLANG_ANALYZER_NUMBER_OBJECT_CONVERSION = YES_AGGRESSIVE;
				CLANG_CXX_LANGUAGE_STANDARD = "gnu++17";
				CLANG_ENABLE_MODULES = YES;
				CLANG_ENABLE_OBJC_ARC = YES;
				CLANG_ENABLE_OBJC_WEAK = YES;
				CLANG_WARN_BLOCK_CAPTURE_AUTORELEASING = YES;
				CLANG_WARN_BOOL_CONVERSION = YES;
				CLANG_WARN_COMMA = YES;
				CLANG_WARN_CONSTANT_CONVERSION = YES;
				CLANG_WARN_DEPRECATED_OBJC_IMPLEMENTATIONS = YES;
				CLANG_WARN_DIRECT_OBJC_ISA_USAGE = YES_ERROR;
				CLANG_WARN_DOCUMENTATION_COMMENTS = YES;
				CLANG_WARN_EMPTY_BODY = YES;
				CLANG_WARN_ENUM_CONVERSION = YES;
				CLANG_WARN_INFINITE_RECURSION = YES;
				CLANG_WARN_INT_CONVERSION = YES;
				CLANG_WARN_NON_LITERAL_NULL_CONVERSION = YES;
				CLANG_WARN_OBJC_IMPLICIT_RETAIN_SELF = YES;
				CLANG_WARN_OBJC_LITERAL_CONVERSION = YES;
				CLANG_WARN_OBJC_ROOT_CLASS = YES_ERROR;
				CLANG_WARN_QUOTED_INCLUDE_IN_FRAMEWORK_HEADER = YES;
				CLANG_WARN_RANGE_LOOP_ANALYSIS = YES;
				CLANG_WARN_STRICT_PROTOTYPES = YES;
				CLANG_WARN_SUSPICIOUS_MOVE = YES;
				CLANG_WARN_UNGUARDED_AVAILABILITY = YES_AGGRESSIVE;
				CLANG_WARN_UNREACHABLE_CODE = YES;
				CLANG_WARN__DUPLICATE_METHOD_MATCH = YES;
				COPY_PHASE_STRIP = NO;
				DEBUG_INFORMATION_FORMAT = "dwarf-with-dsym";
				ENABLE_NS_ASSERTIONS = NO;
				ENABLE_STRICT_OBJC_MSGSEND = YES;
				GCC_C_LANGUAGE_STANDARD = gnu11;
				GCC_NO_COMMON_BLOCKS = YES;
				GCC_WARN_64_TO_32_BIT_CONVERSION = YES;
				GCC_WARN_ABOUT_RETURN_TYPE = YES_ERROR;
				GCC_WARN_UNDECLARED_SELECTOR = YES;
				GCC_WARN_UNINITIALIZED_AUTOS = YES_AGGRESSIVE;
				GCC_WARN_UNUSED_FUNCTION = YES;
				GCC_WARN_UNUSED_VARIABLE = YES;
				IPHONEOS_DEPLOYMENT_TARGET = 15.4;
				MTL_ENABLE_DEBUG_INFO = NO;
				MTL_FAST_MATH = YES;
				SDKROOT = iphoneos;
				SWIFT_COMPILATION_MODE = wholemodule;
				SWIFT_OPTIMIZATION_LEVEL = "-O";
				VALIDATE_PRODUCT = YES;
			};
			name = Release;
		};
		BAC1BDA22816D8D400C1A113 /* Debug */ = {
			isa = XCBuildConfiguration;
			buildSettings = {
				ASSETCATALOG_COMPILER_APPICON_NAME = AppIcon;
				ASSETCATALOG_COMPILER_GLOBAL_ACCENT_COLOR_NAME = AccentColor;
				CODE_SIGN_STYLE = Automatic;
				CURRENT_PROJECT_VERSION = 1;
				DEVELOPMENT_TEAM = 4F357W4NQH;
				GENERATE_INFOPLIST_FILE = YES;
				INFOPLIST_FILE = Udder/Info.plist;
				INFOPLIST_KEY_UIApplicationSupportsIndirectInputEvents = YES;
				INFOPLIST_KEY_UILaunchStoryboardName = LaunchScreen;
				INFOPLIST_KEY_UIMainStoryboardFile = Main;
				INFOPLIST_KEY_UISupportedInterfaceOrientations_iPad = "UIInterfaceOrientationPortrait UIInterfaceOrientationPortraitUpsideDown UIInterfaceOrientationLandscapeLeft UIInterfaceOrientationLandscapeRight";
				INFOPLIST_KEY_UISupportedInterfaceOrientations_iPhone = "UIInterfaceOrientationPortrait UIInterfaceOrientationLandscapeLeft UIInterfaceOrientationLandscapeRight";
				LD_RUNPATH_SEARCH_PATHS = (
					"$(inherited)",
					"@executable_path/Frameworks",
				);
				MARKETING_VERSION = 1.0;
				PRODUCT_BUNDLE_IDENTIFIER = co.introstellar.Udder;
				PRODUCT_NAME = "$(TARGET_NAME)";
				SWIFT_EMIT_LOC_STRINGS = YES;
				SWIFT_VERSION = 5.0;
				TARGETED_DEVICE_FAMILY = "1,2";
			};
			name = Debug;
		};
		BAC1BDA32816D8D400C1A113 /* Release */ = {
			isa = XCBuildConfiguration;
			buildSettings = {
				ASSETCATALOG_COMPILER_APPICON_NAME = AppIcon;
				ASSETCATALOG_COMPILER_GLOBAL_ACCENT_COLOR_NAME = AccentColor;
				CODE_SIGN_STYLE = Automatic;
				CURRENT_PROJECT_VERSION = 1;
				DEVELOPMENT_TEAM = 4F357W4NQH;
				GENERATE_INFOPLIST_FILE = YES;
				INFOPLIST_FILE = Udder/Info.plist;
				INFOPLIST_KEY_UIApplicationSupportsIndirectInputEvents = YES;
				INFOPLIST_KEY_UILaunchStoryboardName = LaunchScreen;
				INFOPLIST_KEY_UIMainStoryboardFile = Main;
				INFOPLIST_KEY_UISupportedInterfaceOrientations_iPad = "UIInterfaceOrientationPortrait UIInterfaceOrientationPortraitUpsideDown UIInterfaceOrientationLandscapeLeft UIInterfaceOrientationLandscapeRight";
				INFOPLIST_KEY_UISupportedInterfaceOrientations_iPhone = "UIInterfaceOrientationPortrait UIInterfaceOrientationLandscapeLeft UIInterfaceOrientationLandscapeRight";
				LD_RUNPATH_SEARCH_PATHS = (
					"$(inherited)",
					"@executable_path/Frameworks",
				);
				MARKETING_VERSION = 1.0;
				PRODUCT_BUNDLE_IDENTIFIER = co.introstellar.Udder;
				PRODUCT_NAME = "$(TARGET_NAME)";
				SWIFT_EMIT_LOC_STRINGS = YES;
				SWIFT_VERSION = 5.0;
				TARGETED_DEVICE_FAMILY = "1,2";
			};
			name = Release;
		};
		BAC1BDA52816D8D400C1A113 /* Debug */ = {
			isa = XCBuildConfiguration;
			buildSettings = {
				ALWAYS_EMBED_SWIFT_STANDARD_LIBRARIES = YES;
				BUNDLE_LOADER = "$(TEST_HOST)";
				CODE_SIGN_STYLE = Automatic;
				CURRENT_PROJECT_VERSION = 1;
				DEVELOPMENT_TEAM = 4F357W4NQH;
				GENERATE_INFOPLIST_FILE = YES;
				IPHONEOS_DEPLOYMENT_TARGET = 15.4;
				MARKETING_VERSION = 1.0;
				PRODUCT_BUNDLE_IDENTIFIER = co.introstellar.UdderTests;
				PRODUCT_NAME = "$(TARGET_NAME)";
				SWIFT_EMIT_LOC_STRINGS = NO;
				SWIFT_VERSION = 5.0;
				TARGETED_DEVICE_FAMILY = "1,2";
				TEST_HOST = "$(BUILT_PRODUCTS_DIR)/Udder.app/Udder";
			};
			name = Debug;
		};
		BAC1BDA62816D8D400C1A113 /* Release */ = {
			isa = XCBuildConfiguration;
			buildSettings = {
				ALWAYS_EMBED_SWIFT_STANDARD_LIBRARIES = YES;
				BUNDLE_LOADER = "$(TEST_HOST)";
				CODE_SIGN_STYLE = Automatic;
				CURRENT_PROJECT_VERSION = 1;
				DEVELOPMENT_TEAM = 4F357W4NQH;
				GENERATE_INFOPLIST_FILE = YES;
				IPHONEOS_DEPLOYMENT_TARGET = 15.4;
				MARKETING_VERSION = 1.0;
				PRODUCT_BUNDLE_IDENTIFIER = co.introstellar.UdderTests;
				PRODUCT_NAME = "$(TARGET_NAME)";
				SWIFT_EMIT_LOC_STRINGS = NO;
				SWIFT_VERSION = 5.0;
				TARGETED_DEVICE_FAMILY = "1,2";
				TEST_HOST = "$(BUILT_PRODUCTS_DIR)/Udder.app/Udder";
			};
			name = Release;
		};
		BAC1BDA82816D8D400C1A113 /* Debug */ = {
			isa = XCBuildConfiguration;
			buildSettings = {
				ALWAYS_EMBED_SWIFT_STANDARD_LIBRARIES = YES;
				CODE_SIGN_STYLE = Automatic;
				CURRENT_PROJECT_VERSION = 1;
				DEVELOPMENT_TEAM = 4F357W4NQH;
				GENERATE_INFOPLIST_FILE = YES;
				MARKETING_VERSION = 1.0;
				PRODUCT_BUNDLE_IDENTIFIER = co.introstellar.UdderUITests;
				PRODUCT_NAME = "$(TARGET_NAME)";
				SWIFT_EMIT_LOC_STRINGS = NO;
				SWIFT_VERSION = 5.0;
				TARGETED_DEVICE_FAMILY = "1,2";
				TEST_TARGET_NAME = Udder;
			};
			name = Debug;
		};
		BAC1BDA92816D8D400C1A113 /* Release */ = {
			isa = XCBuildConfiguration;
			buildSettings = {
				ALWAYS_EMBED_SWIFT_STANDARD_LIBRARIES = YES;
				CODE_SIGN_STYLE = Automatic;
				CURRENT_PROJECT_VERSION = 1;
				DEVELOPMENT_TEAM = 4F357W4NQH;
				GENERATE_INFOPLIST_FILE = YES;
				MARKETING_VERSION = 1.0;
				PRODUCT_BUNDLE_IDENTIFIER = co.introstellar.UdderUITests;
				PRODUCT_NAME = "$(TARGET_NAME)";
				SWIFT_EMIT_LOC_STRINGS = NO;
				SWIFT_VERSION = 5.0;
				TARGETED_DEVICE_FAMILY = "1,2";
				TEST_TARGET_NAME = Udder;
			};
			name = Release;
		};
/* End XCBuildConfiguration section */

/* Begin XCConfigurationList section */
		BAC1BD722816D8D100C1A113 /* Build configuration list for PBXProject "Udder" */ = {
			isa = XCConfigurationList;
			buildConfigurations = (
				BAC1BD9F2816D8D400C1A113 /* Debug */,
				BAC1BDA02816D8D400C1A113 /* Release */,
			);
			defaultConfigurationIsVisible = 0;
			defaultConfigurationName = Release;
		};
		BAC1BDA12816D8D400C1A113 /* Build configuration list for PBXNativeTarget "Udder" */ = {
			isa = XCConfigurationList;
			buildConfigurations = (
				BAC1BDA22816D8D400C1A113 /* Debug */,
				BAC1BDA32816D8D400C1A113 /* Release */,
			);
			defaultConfigurationIsVisible = 0;
			defaultConfigurationName = Release;
		};
		BAC1BDA42816D8D400C1A113 /* Build configuration list for PBXNativeTarget "UdderTests" */ = {
			isa = XCConfigurationList;
			buildConfigurations = (
				BAC1BDA52816D8D400C1A113 /* Debug */,
				BAC1BDA62816D8D400C1A113 /* Release */,
			);
			defaultConfigurationIsVisible = 0;
			defaultConfigurationName = Release;
		};
		BAC1BDA72816D8D400C1A113 /* Build configuration list for PBXNativeTarget "UdderUITests" */ = {
			isa = XCConfigurationList;
			buildConfigurations = (
				BAC1BDA82816D8D400C1A113 /* Debug */,
				BAC1BDA92816D8D400C1A113 /* Release */,
			);
			defaultConfigurationIsVisible = 0;
			defaultConfigurationName = Release;
		};
/* End XCConfigurationList section */
	};
	rootObject = BAC1BD6F2816D8D100C1A113 /* Project object */;
}
